
Microsoft Visual Studio Solution File, Format Version 12.00
# Visual Studio Version 16
VisualStudioVersion = 16.0.29503.13
MinimumVisualStudioVersion = 10.0.40219.1
Project("{FAE04EC0-301F-11D3-BF4B-00C04F79EFBC}") = "NoobIncTshirt.Android", "NoobIncTshirt.Android\NoobIncTshirt.Android.csproj", "{689D74D2-EEB1-45C8-8207-3E5B1F630EB4}"
EndProject
Project("{FAE04EC0-301F-11D3-BF4B-00C04F79EFBC}") = "NoobIncTshirt.iOS", "NoobIncTshirt.iOS\NoobIncTshirt.iOS.csproj", "{8DC02842-D716-46C9-9669-05D6D37FC542}"
EndProject
Project("{9A19103F-16F7-4668-BE54-9A1E7A4F7556}") = "NoobIncTshirt", "NoobIncTshirt\NoobIncTshirt.csproj", "{843AEEBC-CC42-4C82-9350-54EE0EEDA0AD}"
EndProject
Project("{9A19103F-16F7-4668-BE54-9A1E7A4F7556}") = "NoobsTshitApi", "..\NoobsTshitApi\NoobsTshitApi.csproj", "{94BAA3D6-077B-44B4-B1D6-65D0B2075875}"
EndProject
Global
	GlobalSection(SolutionConfigurationPlatforms) = preSolution
		Debug|Any CPU = Debug|Any CPU
		Debug|iPhone = Debug|iPhone
		Debug|iPhoneSimulator = Debug|iPhoneSimulator
		Release|Any CPU = Release|Any CPU
		Release|iPhone = Release|iPhone
		Release|iPhoneSimulator = Release|iPhoneSimulator
	EndGlobalSection
	GlobalSection(ProjectConfigurationPlatforms) = postSolution
		{689D74D2-EEB1-45C8-8207-3E5B1F630EB4}.Debug|Any CPU.ActiveCfg = Debug|Any CPU
		{689D74D2-EEB1-45C8-8207-3E5B1F630EB4}.Debug|Any CPU.Build.0 = Debug|Any CPU
		{689D74D2-EEB1-45C8-8207-3E5B1F630EB4}.Debug|Any CPU.Deploy.0 = Debug|Any CPU
		{689D74D2-EEB1-45C8-8207-3E5B1F630EB4}.Debug|iPhone.ActiveCfg = Debug|Any CPU
		{689D74D2-EEB1-45C8-8207-3E5B1F630EB4}.Debug|iPhone.Build.0 = Debug|Any CPU
		{689D74D2-EEB1-45C8-8207-3E5B1F630EB4}.Debug|iPhone.Deploy.0 = Debug|Any CPU
		{689D74D2-EEB1-45C8-8207-3E5B1F630EB4}.Debug|iPhoneSimulator.ActiveCfg = Debug|Any CPU
		{689D74D2-EEB1-45C8-8207-3E5B1F630EB4}.Debug|iPhoneSimulator.Build.0 = Debug|Any CPU
		{689D74D2-EEB1-45C8-8207-3E5B1F630EB4}.Debug|iPhoneSimulator.Deploy.0 = Debug|Any CPU
		{689D74D2-EEB1-45C8-8207-3E5B1F630EB4}.Release|Any CPU.ActiveCfg = Release|Any CPU
		{689D74D2-EEB1-45C8-8207-3E5B1F630EB4}.Release|Any CPU.Build.0 = Release|Any CPU
		{689D74D2-EEB1-45C8-8207-3E5B1F630EB4}.Release|Any CPU.Deploy.0 = Release|Any CPU
		{689D74D2-EEB1-45C8-8207-3E5B1F630EB4}.Release|iPhone.ActiveCfg = Release|Any CPU
		{689D74D2-EEB1-45C8-8207-3E5B1F630EB4}.Release|iPhone.Build.0 = Release|Any CPU
		{689D74D2-EEB1-45C8-8207-3E5B1F630EB4}.Release|iPhone.Deploy.0 = Release|Any CPU
		{689D74D2-EEB1-45C8-8207-3E5B1F630EB4}.Release|iPhoneSimulator.ActiveCfg = Release|Any CPU
		{689D74D2-EEB1-45C8-8207-3E5B1F630EB4}.Release|iPhoneSimulator.Build.0 = Release|Any CPU
		{689D74D2-EEB1-45C8-8207-3E5B1F630EB4}.Release|iPhoneSimulator.Deploy.0 = Release|Any CPU
		{8DC02842-D716-46C9-9669-05D6D37FC542}.Debug|Any CPU.ActiveCfg = Debug|iPhoneSimulator
		{8DC02842-D716-46C9-9669-05D6D37FC542}.Debug|Any CPU.Build.0 = Debug|iPhoneSimulator
		{8DC02842-D716-46C9-9669-05D6D37FC542}.Debug|Any CPU.Deploy.0 = Debug|iPhoneSimulator
		{8DC02842-D716-46C9-9669-05D6D37FC542}.Debug|iPhone.ActiveCfg = Debug|iPhone
		{8DC02842-D716-46C9-9669-05D6D37FC542}.Debug|iPhone.Build.0 = Debug|iPhone
		{8DC02842-D716-46C9-9669-05D6D37FC542}.Debug|iPhone.Deploy.0 = Debug|iPhone
		{8DC02842-D716-46C9-9669-05D6D37FC542}.Debug|iPhoneSimulator.ActiveCfg = Debug|iPhoneSimulator
		{8DC02842-D716-46C9-9669-05D6D37FC542}.Debug|iPhoneSimulator.Build.0 = Debug|iPhoneSimulator
		{8DC02842-D716-46C9-9669-05D6D37FC542}.Debug|iPhoneSimulator.Deploy.0 = Debug|iPhoneSimulator
		{8DC02842-D716-46C9-9669-05D6D37FC542}.Release|Any CPU.ActiveCfg = Release|iPhone
		{8DC02842-D716-46C9-9669-05D6D37FC542}.Release|Any CPU.Build.0 = Release|iPhone
		{8DC02842-D716-46C9-9669-05D6D37FC542}.Release|Any CPU.Deploy.0 = Release|iPhone
		{8DC02842-D716-46C9-9669-05D6D37FC542}.Release|iPhone.ActiveCfg = Release|iPhone
		{8DC02842-D716-46C9-9669-05D6D37FC542}.Release|iPhone.Build.0 = Release|iPhone
		{8DC02842-D716-46C9-9669-05D6D37FC542}.Release|iPhone.Deploy.0 = Release|iPhone
		{8DC02842-D716-46C9-9669-05D6D37FC542}.Release|iPhoneSimulator.ActiveCfg = Release|iPhoneSimulator
		{8DC02842-D716-46C9-9669-05D6D37FC542}.Release|iPhoneSimulator.Build.0 = Release|iPhoneSimulator
		{8DC02842-D716-46C9-9669-05D6D37FC542}.Release|iPhoneSimulator.Deploy.0 = Release|iPhoneSimulator
		{843AEEBC-CC42-4C82-9350-54EE0EEDA0AD}.Debug|Any CPU.ActiveCfg = Debug|Any CPU
		{843AEEBC-CC42-4C82-9350-54EE0EEDA0AD}.Debug|Any CPU.Build.0 = Debug|Any CPU
		{843AEEBC-CC42-4C82-9350-54EE0EEDA0AD}.Debug|Any CPU.Deploy.0 = Debug|Any CPU
		{843AEEBC-CC42-4C82-9350-54EE0EEDA0AD}.Debug|iPhone.ActiveCfg = Debug|Any CPU
		{843AEEBC-CC42-4C82-9350-54EE0EEDA0AD}.Debug|iPhone.Build.0 = Debug|Any CPU
		{843AEEBC-CC42-4C82-9350-54EE0EEDA0AD}.Debug|iPhone.Deploy.0 = Debug|Any CPU
		{843AEEBC-CC42-4C82-9350-54EE0EEDA0AD}.Debug|iPhoneSimulator.ActiveCfg = Debug|Any CPU
		{843AEEBC-CC42-4C82-9350-54EE0EEDA0AD}.Debug|iPhoneSimulator.Build.0 = Debug|Any CPU
		{843AEEBC-CC42-4C82-9350-54EE0EEDA0AD}.Debug|iPhoneSimulator.Deploy.0 = Debug|Any CPU
		{843AEEBC-CC42-4C82-9350-54EE0EEDA0AD}.Release|Any CPU.ActiveCfg = Release|Any CPU
		{843AEEBC-CC42-4C82-9350-54EE0EEDA0AD}.Release|Any CPU.Build.0 = Release|Any CPU
		{843AEEBC-CC42-4C82-9350-54EE0EEDA0AD}.Release|Any CPU.Deploy.0 = Release|Any CPU
		{843AEEBC-CC42-4C82-9350-54EE0EEDA0AD}.Release|iPhone.ActiveCfg = Release|Any CPU
		{843AEEBC-CC42-4C82-9350-54EE0EEDA0AD}.Release|iPhone.Build.0 = Release|Any CPU
		{843AEEBC-CC42-4C82-9350-54EE0EEDA0AD}.Release|iPhone.Deploy.0 = Release|Any CPU
		{843AEEBC-CC42-4C82-9350-54EE0EEDA0AD}.Release|iPhoneSimulator.ActiveCfg = Release|Any CPU
		{843AEEBC-CC42-4C82-9350-54EE0EEDA0AD}.Release|iPhoneSimulator.Build.0 = Release|Any CPU
		{843AEEBC-CC42-4C82-9350-54EE0EEDA0AD}.Release|iPhoneSimulator.Deploy.0 = Release|Any CPU
		{94BAA3D6-077B-44B4-B1D6-65D0B2075875}.Debug|Any CPU.ActiveCfg = Debug|Any CPU
		{94BAA3D6-077B-44B4-B1D6-65D0B2075875}.Debug|Any CPU.Build.0 = Debug|Any CPU
		{94BAA3D6-077B-44B4-B1D6-65D0B2075875}.Debug|iPhone.ActiveCfg = Debug|Any CPU
		{94BAA3D6-077B-44B4-B1D6-65D0B2075875}.Debug|iPhone.Build.0 = Debug|Any CPU
		{94BAA3D6-077B-44B4-B1D6-65D0B2075875}.Debug|iPhoneSimulator.ActiveCfg = Debug|Any CPU
		{94BAA3D6-077B-44B4-B1D6-65D0B2075875}.Debug|iPhoneSimulator.Build.0 = Debug|Any CPU
		{94BAA3D6-077B-44B4-B1D6-65D0B2075875}.Release|Any CPU.ActiveCfg = Release|Any CPU
		{94BAA3D6-077B-44B4-B1D6-65D0B2075875}.Release|Any CPU.Build.0 = Release|Any CPU
		{94BAA3D6-077B-44B4-B1D6-65D0B2075875}.Release|iPhone.ActiveCfg = Release|Any CPU
		{94BAA3D6-077B-44B4-B1D6-65D0B2075875}.Release|iPhone.Build.0 = Release|Any CPU
		{94BAA3D6-077B-44B4-B1D6-65D0B2075875}.Release|iPhoneSimulator.ActiveCfg = Release|Any CPU
		{94BAA3D6-077B-44B4-B1D6-65D0B2075875}.Release|iPhoneSimulator.Build.0 = Release|Any CPU
	EndGlobalSection
	GlobalSection(SolutionProperties) = preSolution
		HideSolutionNode = FALSE
	EndGlobalSection
	GlobalSection(ExtensibilityGlobals) = postSolution
		SolutionGuid = {CFDF993F-E331-4570-AF8B-63EB2FB3642E}
	EndGlobalSection
EndGlobal
